// !$*UTF8*$!
{
	archiveVersion = 1;
	classes = {
	};
	objectVersion = 46;
	objects = {

/* Begin PBXBuildFile section */
		494DE25D1C0FBD1100E4C027 /* User.m in Sources */ = {isa = PBXBuildFile; fileRef = 494DE25C1C0FBD1100E4C027 /* User.m */; };
		494DE2601C0FBE5500E4C027 /* Media.m in Sources */ = {isa = PBXBuildFile; fileRef = 494DE25F1C0FBE5500E4C027 /* Media.m */; };
		494DE2631C0FBEFE00E4C027 /* Comment.m in Sources */ = {isa = PBXBuildFile; fileRef = 494DE2621C0FBEFE00E4C027 /* Comment.m */; };
		494DE2661C0FBF9400E4C027 /* DataSource.m in Sources */ = {isa = PBXBuildFile; fileRef = 494DE2651C0FBF9400E4C027 /* DataSource.m */; };
		498950CE1C2C807D00E7B165 /* MediaFullScreenViewController.m in Sources */ = {isa = PBXBuildFile; fileRef = 498950CD1C2C807D00E7B165 /* MediaFullScreenViewController.m */; };
		498950D11C2C88EC00E7B165 /* MediaFullScreenAnimator.m in Sources */ = {isa = PBXBuildFile; fileRef = 498950D01C2C88EC00E7B165 /* MediaFullScreenAnimator.m */; };
		498BBB8C1C1FA19A00065185 /* LoginViewController.m in Sources */ = {isa = PBXBuildFile; fileRef = 498BBB8B1C1FA19A00065185 /* LoginViewController.m */; };
		49B3315D1BF571EA004E1E04 /* ImagesTableViewController.m in Sources */ = {isa = PBXBuildFile; fileRef = 49B3315C1BF571EA004E1E04 /* ImagesTableViewController.m */; };
		49B3315E1BF571EA004E1E04 /* ImagesTableViewController.m in Sources */ = {isa = PBXBuildFile; fileRef = 49B3315C1BF571EA004E1E04 /* ImagesTableViewController.m */; };
		49B3315F1BF571EA004E1E04 /* ImagesTableViewController.m in Sources */ = {isa = PBXBuildFile; fileRef = 49B3315C1BF571EA004E1E04 /* ImagesTableViewController.m */; };
		49B3316A1BF57E34004E1E04 /* 1.jpg in Resources */ = {isa = PBXBuildFile; fileRef = 49B331601BF57E34004E1E04 /* 1.jpg */; };
		49B3316B1BF57E34004E1E04 /* 1.jpg in Resources */ = {isa = PBXBuildFile; fileRef = 49B331601BF57E34004E1E04 /* 1.jpg */; };
		49B3316C1BF57E34004E1E04 /* 1.jpg in Resources */ = {isa = PBXBuildFile; fileRef = 49B331601BF57E34004E1E04 /* 1.jpg */; };
		49B3316D1BF57E34004E1E04 /* 2.jpg in Resources */ = {isa = PBXBuildFile; fileRef = 49B331611BF57E34004E1E04 /* 2.jpg */; };
		49B3316E1BF57E34004E1E04 /* 2.jpg in Resources */ = {isa = PBXBuildFile; fileRef = 49B331611BF57E34004E1E04 /* 2.jpg */; };
		49B3316F1BF57E34004E1E04 /* 2.jpg in Resources */ = {isa = PBXBuildFile; fileRef = 49B331611BF57E34004E1E04 /* 2.jpg */; };
		49B331701BF57E34004E1E04 /* 3.jpg in Resources */ = {isa = PBXBuildFile; fileRef = 49B331621BF57E34004E1E04 /* 3.jpg */; };
		49B331711BF57E34004E1E04 /* 3.jpg in Resources */ = {isa = PBXBuildFile; fileRef = 49B331621BF57E34004E1E04 /* 3.jpg */; };
		49B331721BF57E34004E1E04 /* 3.jpg in Resources */ = {isa = PBXBuildFile; fileRef = 49B331621BF57E34004E1E04 /* 3.jpg */; };
		49B331731BF57E34004E1E04 /* 4.jpg in Resources */ = {isa = PBXBuildFile; fileRef = 49B331631BF57E34004E1E04 /* 4.jpg */; };
		49B331741BF57E34004E1E04 /* 4.jpg in Resources */ = {isa = PBXBuildFile; fileRef = 49B331631BF57E34004E1E04 /* 4.jpg */; };
		49B331751BF57E34004E1E04 /* 4.jpg in Resources */ = {isa = PBXBuildFile; fileRef = 49B331631BF57E34004E1E04 /* 4.jpg */; };
		49B331761BF57E34004E1E04 /* 5.jpg in Resources */ = {isa = PBXBuildFile; fileRef = 49B331641BF57E34004E1E04 /* 5.jpg */; };
		49B331771BF57E34004E1E04 /* 5.jpg in Resources */ = {isa = PBXBuildFile; fileRef = 49B331641BF57E34004E1E04 /* 5.jpg */; };
		49B331781BF57E34004E1E04 /* 5.jpg in Resources */ = {isa = PBXBuildFile; fileRef = 49B331641BF57E34004E1E04 /* 5.jpg */; };
		49B331791BF57E34004E1E04 /* 6.jpg in Resources */ = {isa = PBXBuildFile; fileRef = 49B331651BF57E34004E1E04 /* 6.jpg */; };
		49B3317A1BF57E34004E1E04 /* 6.jpg in Resources */ = {isa = PBXBuildFile; fileRef = 49B331651BF57E34004E1E04 /* 6.jpg */; };
		49B3317B1BF57E34004E1E04 /* 6.jpg in Resources */ = {isa = PBXBuildFile; fileRef = 49B331651BF57E34004E1E04 /* 6.jpg */; };
		49B3317C1BF57E34004E1E04 /* 7.jpg in Resources */ = {isa = PBXBuildFile; fileRef = 49B331661BF57E34004E1E04 /* 7.jpg */; };
		49B3317D1BF57E34004E1E04 /* 7.jpg in Resources */ = {isa = PBXBuildFile; fileRef = 49B331661BF57E34004E1E04 /* 7.jpg */; };
		49B3317E1BF57E34004E1E04 /* 7.jpg in Resources */ = {isa = PBXBuildFile; fileRef = 49B331661BF57E34004E1E04 /* 7.jpg */; };
		49B3317F1BF57E34004E1E04 /* 8.jpg in Resources */ = {isa = PBXBuildFile; fileRef = 49B331671BF57E34004E1E04 /* 8.jpg */; };
		49B331801BF57E34004E1E04 /* 8.jpg in Resources */ = {isa = PBXBuildFile; fileRef = 49B331671BF57E34004E1E04 /* 8.jpg */; };
		49B331811BF57E34004E1E04 /* 8.jpg in Resources */ = {isa = PBXBuildFile; fileRef = 49B331671BF57E34004E1E04 /* 8.jpg */; };
		49B331821BF57E34004E1E04 /* 9.jpg in Resources */ = {isa = PBXBuildFile; fileRef = 49B331681BF57E34004E1E04 /* 9.jpg */; };
		49B331831BF57E34004E1E04 /* 9.jpg in Resources */ = {isa = PBXBuildFile; fileRef = 49B331681BF57E34004E1E04 /* 9.jpg */; };
		49B331841BF57E34004E1E04 /* 9.jpg in Resources */ = {isa = PBXBuildFile; fileRef = 49B331681BF57E34004E1E04 /* 9.jpg */; };
		49B331851BF57E34004E1E04 /* 10.jpg in Resources */ = {isa = PBXBuildFile; fileRef = 49B331691BF57E34004E1E04 /* 10.jpg */; };
		49B331861BF57E34004E1E04 /* 10.jpg in Resources */ = {isa = PBXBuildFile; fileRef = 49B331691BF57E34004E1E04 /* 10.jpg */; };
		49B331871BF57E34004E1E04 /* 10.jpg in Resources */ = {isa = PBXBuildFile; fileRef = 49B331691BF57E34004E1E04 /* 10.jpg */; };
		49DAC4351C14B8480059D2E6 /* MediaTableViewCell.m in Sources */ = {isa = PBXBuildFile; fileRef = 49DAC4341C14B8480059D2E6 /* MediaTableViewCell.m */; };
		49EDE33E1BF4169900C70B57 /* main.m in Sources */ = {isa = PBXBuildFile; fileRef = 49EDE33D1BF4169900C70B57 /* main.m */; };
		49EDE3411BF4169900C70B57 /* AppDelegate.m in Sources */ = {isa = PBXBuildFile; fileRef = 49EDE3401BF4169900C70B57 /* AppDelegate.m */; };
		49EDE3491BF4169900C70B57 /* Assets.xcassets in Resources */ = {isa = PBXBuildFile; fileRef = 49EDE3481BF4169900C70B57 /* Assets.xcassets */; };
		49EDE34C1BF4169900C70B57 /* LaunchScreen.storyboard in Resources */ = {isa = PBXBuildFile; fileRef = 49EDE34A1BF4169900C70B57 /* LaunchScreen.storyboard */; };
		49EDE3571BF4169900C70B57 /* BlocstagramTests.m in Sources */ = {isa = PBXBuildFile; fileRef = 49EDE3561BF4169900C70B57 /* BlocstagramTests.m */; };
		49EDE3621BF4169900C70B57 /* BlocstagramUITests.m in Sources */ = {isa = PBXBuildFile; fileRef = 49EDE3611BF4169900C70B57 /* BlocstagramUITests.m */; };
		914A5BE3BAD0C9EB528B4552 /* libPods.a in Frameworks */ = {isa = PBXBuildFile; fileRef = 3A45A1F27593E69EB672E8E9 /* libPods.a */; };
/* End PBXBuildFile section */

/* Begin PBXContainerItemProxy section */
		49EDE3531BF4169900C70B57 /* PBXContainerItemProxy */ = {
			isa = PBXContainerItemProxy;
			containerPortal = 49EDE3311BF4169900C70B57 /* Project object */;
			proxyType = 1;
			remoteGlobalIDString = 49EDE3381BF4169900C70B57;
			remoteInfo = Blocstagram;
		};
		49EDE35E1BF4169900C70B57 /* PBXContainerItemProxy */ = {
			isa = PBXContainerItemProxy;
			containerPortal = 49EDE3311BF4169900C70B57 /* Project object */;
			proxyType = 1;
			remoteGlobalIDString = 49EDE3381BF4169900C70B57;
			remoteInfo = Blocstagram;
		};
/* End PBXContainerItemProxy section */

/* Begin PBXFileReference section */
		383531CC76EA3BFA32F1E17D /* Pods.release.xcconfig */ = {isa = PBXFileReference; includeInIndex = 1; lastKnownFileType = text.xcconfig; name = Pods.release.xcconfig; path = "Pods/Target Support Files/Pods/Pods.release.xcconfig"; sourceTree = "<group>"; };
		3A45A1F27593E69EB672E8E9 /* libPods.a */ = {isa = PBXFileReference; explicitFileType = archive.ar; includeInIndex = 0; path = libPods.a; sourceTree = BUILT_PRODUCTS_DIR; };
		3BFF7D143967DC1DFB040F80 /* Pods.debug.xcconfig */ = {isa = PBXFileReference; includeInIndex = 1; lastKnownFileType = text.xcconfig; name = Pods.debug.xcconfig; path = "Pods/Target Support Files/Pods/Pods.debug.xcconfig"; sourceTree = "<group>"; };
		494DE25B1C0FBD1100E4C027 /* User.h */ = {isa = PBXFileReference; fileEncoding = 4; lastKnownFileType = sourcecode.c.h; path = User.h; sourceTree = "<group>"; };
		494DE25C1C0FBD1100E4C027 /* User.m */ = {isa = PBXFileReference; fileEncoding = 4; lastKnownFileType = sourcecode.c.objc; path = User.m; sourceTree = "<group>"; };
		494DE25E1C0FBE5500E4C027 /* Media.h */ = {isa = PBXFileReference; fileEncoding = 4; lastKnownFileType = sourcecode.c.h; path = Media.h; sourceTree = "<group>"; };
		494DE25F1C0FBE5500E4C027 /* Media.m */ = {isa = PBXFileReference; fileEncoding = 4; lastKnownFileType = sourcecode.c.objc; path = Media.m; sourceTree = "<group>"; };
		494DE2611C0FBEFE00E4C027 /* Comment.h */ = {isa = PBXFileReference; fileEncoding = 4; lastKnownFileType = sourcecode.c.h; path = Comment.h; sourceTree = "<group>"; };
		494DE2621C0FBEFE00E4C027 /* Comment.m */ = {isa = PBXFileReference; fileEncoding = 4; lastKnownFileType = sourcecode.c.objc; path = Comment.m; sourceTree = "<group>"; };
		494DE2641C0FBF9400E4C027 /* DataSource.h */ = {isa = PBXFileReference; fileEncoding = 4; lastKnownFileType = sourcecode.c.h; path = DataSource.h; sourceTree = "<group>"; };
		494DE2651C0FBF9400E4C027 /* DataSource.m */ = {isa = PBXFileReference; fileEncoding = 4; lastKnownFileType = sourcecode.c.objc; path = DataSource.m; sourceTree = "<group>"; };
		498950CC1C2C807D00E7B165 /* MediaFullScreenViewController.h */ = {isa = PBXFileReference; fileEncoding = 4; lastKnownFileType = sourcecode.c.h; path = MediaFullScreenViewController.h; sourceTree = "<group>"; };
		498950CD1C2C807D00E7B165 /* MediaFullScreenViewController.m */ = {isa = PBXFileReference; fileEncoding = 4; lastKnownFileType = sourcecode.c.objc; path = MediaFullScreenViewController.m; sourceTree = "<group>"; };
		498950CF1C2C88EC00E7B165 /* MediaFullScreenAnimator.h */ = {isa = PBXFileReference; fileEncoding = 4; lastKnownFileType = sourcecode.c.h; path = MediaFullScreenAnimator.h; sourceTree = "<group>"; };
		498950D01C2C88EC00E7B165 /* MediaFullScreenAnimator.m */ = {isa = PBXFileReference; fileEncoding = 4; lastKnownFileType = sourcecode.c.objc; path = MediaFullScreenAnimator.m; sourceTree = "<group>"; };
		498BBB8A1C1FA19A00065185 /* LoginViewController.h */ = {isa = PBXFileReference; fileEncoding = 4; lastKnownFileType = sourcecode.c.h; path = LoginViewController.h; sourceTree = "<group>"; };
		498BBB8B1C1FA19A00065185 /* LoginViewController.m */ = {isa = PBXFileReference; fileEncoding = 4; lastKnownFileType = sourcecode.c.objc; path = LoginViewController.m; sourceTree = "<group>"; };
		49B3315B1BF571EA004E1E04 /* ImagesTableViewController.h */ = {isa = PBXFileReference; fileEncoding = 4; lastKnownFileType = sourcecode.c.h; path = ImagesTableViewController.h; sourceTree = "<group>"; };
		49B3315C1BF571EA004E1E04 /* ImagesTableViewController.m */ = {isa = PBXFileReference; fileEncoding = 4; lastKnownFileType = sourcecode.c.objc; path = ImagesTableViewController.m; sourceTree = "<group>"; };
		49B331601BF57E34004E1E04 /* 1.jpg */ = {isa = PBXFileReference; lastKnownFileType = image.jpeg; path = 1.jpg; sourceTree = "<group>"; };
		49B331611BF57E34004E1E04 /* 2.jpg */ = {isa = PBXFileReference; lastKnownFileType = image.jpeg; path = 2.jpg; sourceTree = "<group>"; };
		49B331621BF57E34004E1E04 /* 3.jpg */ = {isa = PBXFileReference; lastKnownFileType = image.jpeg; path = 3.jpg; sourceTree = "<group>"; };
		49B331631BF57E34004E1E04 /* 4.jpg */ = {isa = PBXFileReference; lastKnownFileType = image.jpeg; path = 4.jpg; sourceTree = "<group>"; };
		49B331641BF57E34004E1E04 /* 5.jpg */ = {isa = PBXFileReference; lastKnownFileType = image.jpeg; path = 5.jpg; sourceTree = "<group>"; };
		49B331651BF57E34004E1E04 /* 6.jpg */ = {isa = PBXFileReference; lastKnownFileType = image.jpeg; path = 6.jpg; sourceTree = "<group>"; };
		49B331661BF57E34004E1E04 /* 7.jpg */ = {isa = PBXFileReference; lastKnownFileType = image.jpeg; path = 7.jpg; sourceTree = "<group>"; };
		49B331671BF57E34004E1E04 /* 8.jpg */ = {isa = PBXFileReference; lastKnownFileType = image.jpeg; path = 8.jpg; sourceTree = "<group>"; };
		49B331681BF57E34004E1E04 /* 9.jpg */ = {isa = PBXFileReference; lastKnownFileType = image.jpeg; path = 9.jpg; sourceTree = "<group>"; };
		49B331691BF57E34004E1E04 /* 10.jpg */ = {isa = PBXFileReference; lastKnownFileType = image.jpeg; path = 10.jpg; sourceTree = "<group>"; };
		49DAC4331C14B8480059D2E6 /* MediaTableViewCell.h */ = {isa = PBXFileReference; fileEncoding = 4; lastKnownFileType = sourcecode.c.h; path = MediaTableViewCell.h; sourceTree = "<group>"; };
		49DAC4341C14B8480059D2E6 /* MediaTableViewCell.m */ = {isa = PBXFileReference; fileEncoding = 4; lastKnownFileType = sourcecode.c.objc; path = MediaTableViewCell.m; sourceTree = "<group>"; };
		49EDE3391BF4169900C70B57 /* Blocstagram.app */ = {isa = PBXFileReference; explicitFileType = wrapper.application; includeInIndex = 0; path = Blocstagram.app; sourceTree = BUILT_PRODUCTS_DIR; };
		49EDE33D1BF4169900C70B57 /* main.m */ = {isa = PBXFileReference; lastKnownFileType = sourcecode.c.objc; path = main.m; sourceTree = "<group>"; };
		49EDE33F1BF4169900C70B57 /* AppDelegate.h */ = {isa = PBXFileReference; lastKnownFileType = sourcecode.c.h; path = AppDelegate.h; sourceTree = "<group>"; };
		49EDE3401BF4169900C70B57 /* AppDelegate.m */ = {isa = PBXFileReference; lastKnownFileType = sourcecode.c.objc; path = AppDelegate.m; sourceTree = "<group>"; };
		49EDE3481BF4169900C70B57 /* Assets.xcassets */ = {isa = PBXFileReference; lastKnownFileType = folder.assetcatalog; path = Assets.xcassets; sourceTree = "<group>"; };
		49EDE34B1BF4169900C70B57 /* Base */ = {isa = PBXFileReference; lastKnownFileType = file.storyboard; name = Base; path = Base.lproj/LaunchScreen.storyboard; sourceTree = "<group>"; };
		49EDE34D1BF4169900C70B57 /* Info.plist */ = {isa = PBXFileReference; lastKnownFileType = text.plist.xml; path = Info.plist; sourceTree = "<group>"; };
		49EDE3521BF4169900C70B57 /* BlocstagramTests.xctest */ = {isa = PBXFileReference; explicitFileType = wrapper.cfbundle; includeInIndex = 0; path = BlocstagramTests.xctest; sourceTree = BUILT_PRODUCTS_DIR; };
		49EDE3561BF4169900C70B57 /* BlocstagramTests.m */ = {isa = PBXFileReference; lastKnownFileType = sourcecode.c.objc; path = BlocstagramTests.m; sourceTree = "<group>"; };
		49EDE3581BF4169900C70B57 /* Info.plist */ = {isa = PBXFileReference; lastKnownFileType = text.plist.xml; path = Info.plist; sourceTree = "<group>"; };
		49EDE35D1BF4169900C70B57 /* BlocstagramUITests.xctest */ = {isa = PBXFileReference; explicitFileType = wrapper.cfbundle; includeInIndex = 0; path = BlocstagramUITests.xctest; sourceTree = BUILT_PRODUCTS_DIR; };
		49EDE3611BF4169900C70B57 /* BlocstagramUITests.m */ = {isa = PBXFileReference; lastKnownFileType = sourcecode.c.objc; path = BlocstagramUITests.m; sourceTree = "<group>"; };
		49EDE3631BF4169900C70B57 /* Info.plist */ = {isa = PBXFileReference; lastKnownFileType = text.plist.xml; path = Info.plist; sourceTree = "<group>"; };
/* End PBXFileReference section */

/* Begin PBXFrameworksBuildPhase section */
		49EDE3361BF4169900C70B57 /* Frameworks */ = {
			isa = PBXFrameworksBuildPhase;
			buildActionMask = 2147483647;
			files = (
				914A5BE3BAD0C9EB528B4552 /* libPods.a in Frameworks */,
			);
			runOnlyForDeploymentPostprocessing = 0;
		};
		49EDE34F1BF4169900C70B57 /* Frameworks */ = {
			isa = PBXFrameworksBuildPhase;
			buildActionMask = 2147483647;
			files = (
			);
			runOnlyForDeploymentPostprocessing = 0;
		};
		49EDE35A1BF4169900C70B57 /* Frameworks */ = {
			isa = PBXFrameworksBuildPhase;
			buildActionMask = 2147483647;
			files = (
			);
			runOnlyForDeploymentPostprocessing = 0;
		};
/* End PBXFrameworksBuildPhase section */

/* Begin PBXGroup section */
		49B331461BF57000004E1E04 /* images */ = {
			isa = PBXGroup;
			children = (
				49B331601BF57E34004E1E04 /* 1.jpg */,
				49B331611BF57E34004E1E04 /* 2.jpg */,
				49B331621BF57E34004E1E04 /* 3.jpg */,
				49B331631BF57E34004E1E04 /* 4.jpg */,
				49B331641BF57E34004E1E04 /* 5.jpg */,
				49B331651BF57E34004E1E04 /* 6.jpg */,
				49B331661BF57E34004E1E04 /* 7.jpg */,
				49B331671BF57E34004E1E04 /* 8.jpg */,
				49B331681BF57E34004E1E04 /* 9.jpg */,
				49B331691BF57E34004E1E04 /* 10.jpg */,
			);
			name = images;
			sourceTree = "<group>";
		};
		49EDE3301BF4169900C70B57 = {
			isa = PBXGroup;
			children = (
				49EDE33B1BF4169900C70B57 /* Blocstagram */,
				49EDE3551BF4169900C70B57 /* BlocstagramTests */,
				49EDE3601BF4169900C70B57 /* BlocstagramUITests */,
				49EDE33A1BF4169900C70B57 /* Products */,
				CDC574F8924419F5BAF44FA8 /* Pods */,
				E08FBB93101CA93F3A30C555 /* Frameworks */,
			);
			sourceTree = "<group>";
		};
		49EDE33A1BF4169900C70B57 /* Products */ = {
			isa = PBXGroup;
			children = (
				49EDE3391BF4169900C70B57 /* Blocstagram.app */,
				49EDE3521BF4169900C70B57 /* BlocstagramTests.xctest */,
				49EDE35D1BF4169900C70B57 /* BlocstagramUITests.xctest */,
			);
			name = Products;
			sourceTree = "<group>";
		};
		49EDE33B1BF4169900C70B57 /* Blocstagram */ = {
			isa = PBXGroup;
			children = (
				49B331461BF57000004E1E04 /* images */,
				49EDE33F1BF4169900C70B57 /* AppDelegate.h */,
				49EDE3401BF4169900C70B57 /* AppDelegate.m */,
				49EDE3481BF4169900C70B57 /* Assets.xcassets */,
				49EDE34A1BF4169900C70B57 /* LaunchScreen.storyboard */,
				49EDE34D1BF4169900C70B57 /* Info.plist */,
				49EDE33C1BF4169900C70B57 /* Supporting Files */,
				49B3315B1BF571EA004E1E04 /* ImagesTableViewController.h */,
				49B3315C1BF571EA004E1E04 /* ImagesTableViewController.m */,
				498950CF1C2C88EC00E7B165 /* MediaFullScreenAnimator.h */,
				498950D01C2C88EC00E7B165 /* MediaFullScreenAnimator.m */,
				49DAC4331C14B8480059D2E6 /* MediaTableViewCell.h */,
				49DAC4341C14B8480059D2E6 /* MediaTableViewCell.m */,
				498950CC1C2C807D00E7B165 /* MediaFullScreenViewController.h */,
				498950CD1C2C807D00E7B165 /* MediaFullScreenViewController.m */,
				494DE25B1C0FBD1100E4C027 /* User.h */,
				494DE25C1C0FBD1100E4C027 /* User.m */,
				494DE25E1C0FBE5500E4C027 /* Media.h */,
				494DE25F1C0FBE5500E4C027 /* Media.m */,
				494DE2611C0FBEFE00E4C027 /* Comment.h */,
				494DE2621C0FBEFE00E4C027 /* Comment.m */,
				494DE2641C0FBF9400E4C027 /* DataSource.h */,
				494DE2651C0FBF9400E4C027 /* DataSource.m */,
				498BBB8A1C1FA19A00065185 /* LoginViewController.h */,
				498BBB8B1C1FA19A00065185 /* LoginViewController.m */,
			);
			path = Blocstagram;
			sourceTree = "<group>";
		};
		49EDE33C1BF4169900C70B57 /* Supporting Files */ = {
			isa = PBXGroup;
			children = (
				49EDE33D1BF4169900C70B57 /* main.m */,
			);
			name = "Supporting Files";
			sourceTree = "<group>";
		};
		49EDE3551BF4169900C70B57 /* BlocstagramTests */ = {
			isa = PBXGroup;
			children = (
				49EDE3561BF4169900C70B57 /* BlocstagramTests.m */,
				49EDE3581BF4169900C70B57 /* Info.plist */,
			);
			path = BlocstagramTests;
			sourceTree = "<group>";
		};
		49EDE3601BF4169900C70B57 /* BlocstagramUITests */ = {
			isa = PBXGroup;
			children = (
				49EDE3611BF4169900C70B57 /* BlocstagramUITests.m */,
				49EDE3631BF4169900C70B57 /* Info.plist */,
			);
			path = BlocstagramUITests;
			sourceTree = "<group>";
		};
		CDC574F8924419F5BAF44FA8 /* Pods */ = {
			isa = PBXGroup;
			children = (
				3BFF7D143967DC1DFB040F80 /* Pods.debug.xcconfig */,
				383531CC76EA3BFA32F1E17D /* Pods.release.xcconfig */,
			);
			name = Pods;
			sourceTree = "<group>";
		};
		E08FBB93101CA93F3A30C555 /* Frameworks */ = {
			isa = PBXGroup;
			children = (
				3A45A1F27593E69EB672E8E9 /* libPods.a */,
			);
			name = Frameworks;
			sourceTree = "<group>";
		};
/* End PBXGroup section */

/* Begin PBXNativeTarget section */
		49EDE3381BF4169900C70B57 /* Blocstagram */ = {
			isa = PBXNativeTarget;
			buildConfigurationList = 49EDE3661BF4169900C70B57 /* Build configuration list for PBXNativeTarget "Blocstagram" */;
			buildPhases = (
				EF4F240FFADFA65C5E23E9FF /* Check Pods Manifest.lock */,
				49EDE3351BF4169900C70B57 /* Sources */,
				49EDE3361BF4169900C70B57 /* Frameworks */,
				49EDE3371BF4169900C70B57 /* Resources */,
				5ADE88AFF77D75EFBEFE0BE2 /* Embed Pods Frameworks */,
				929308246AE432E2560881FA /* Copy Pods Resources */,
			);
			buildRules = (
			);
			dependencies = (
			);
			name = Blocstagram;
			productName = Blocstagram;
			productReference = 49EDE3391BF4169900C70B57 /* Blocstagram.app */;
			productType = "com.apple.product-type.application";
		};
		49EDE3511BF4169900C70B57 /* BlocstagramTests */ = {
			isa = PBXNativeTarget;
			buildConfigurationList = 49EDE3691BF4169900C70B57 /* Build configuration list for PBXNativeTarget "BlocstagramTests" */;
			buildPhases = (
				49EDE34E1BF4169900C70B57 /* Sources */,
				49EDE34F1BF4169900C70B57 /* Frameworks */,
				49EDE3501BF4169900C70B57 /* Resources */,
			);
			buildRules = (
			);
			dependencies = (
				49EDE3541BF4169900C70B57 /* PBXTargetDependency */,
			);
			name = BlocstagramTests;
			productName = BlocstagramTests;
			productReference = 49EDE3521BF4169900C70B57 /* BlocstagramTests.xctest */;
			productType = "com.apple.product-type.bundle.unit-test";
		};
		49EDE35C1BF4169900C70B57 /* BlocstagramUITests */ = {
			isa = PBXNativeTarget;
			buildConfigurationList = 49EDE36C1BF4169900C70B57 /* Build configuration list for PBXNativeTarget "BlocstagramUITests" */;
			buildPhases = (
				49EDE3591BF4169900C70B57 /* Sources */,
				49EDE35A1BF4169900C70B57 /* Frameworks */,
				49EDE35B1BF4169900C70B57 /* Resources */,
			);
			buildRules = (
			);
			dependencies = (
				49EDE35F1BF4169900C70B57 /* PBXTargetDependency */,
			);
			name = BlocstagramUITests;
			productName = BlocstagramUITests;
			productReference = 49EDE35D1BF4169900C70B57 /* BlocstagramUITests.xctest */;
			productType = "com.apple.product-type.bundle.ui-testing";
		};
/* End PBXNativeTarget section */

/* Begin PBXProject section */
		49EDE3311BF4169900C70B57 /* Project object */ = {
			isa = PBXProject;
			attributes = {
				LastUpgradeCheck = 0710;
				ORGANIZATIONNAME = "Sturdy Nut";
				TargetAttributes = {
					49EDE3381BF4169900C70B57 = {
						CreatedOnToolsVersion = 7.1;
					};
					49EDE3511BF4169900C70B57 = {
						CreatedOnToolsVersion = 7.1;
						TestTargetID = 49EDE3381BF4169900C70B57;
					};
					49EDE35C1BF4169900C70B57 = {
						CreatedOnToolsVersion = 7.1;
						TestTargetID = 49EDE3381BF4169900C70B57;
					};
				};
			};
			buildConfigurationList = 49EDE3341BF4169900C70B57 /* Build configuration list for PBXProject "Blocstagram" */;
			compatibilityVersion = "Xcode 3.2";
			developmentRegion = English;
			hasScannedForEncodings = 0;
			knownRegions = (
				en,
				Base,
			);
			mainGroup = 49EDE3301BF4169900C70B57;
			productRefGroup = 49EDE33A1BF4169900C70B57 /* Products */;
			projectDirPath = "";
			projectRoot = "";
			targets = (
				49EDE3381BF4169900C70B57 /* Blocstagram */,
				49EDE3511BF4169900C70B57 /* BlocstagramTests */,
				49EDE35C1BF4169900C70B57 /* BlocstagramUITests */,
			);
		};
/* End PBXProject section */

/* Begin PBXResourcesBuildPhase section */
		49EDE3371BF4169900C70B57 /* Resources */ = {
			isa = PBXResourcesBuildPhase;
			buildActionMask = 2147483647;
			files = (
				49B331821BF57E34004E1E04 /* 9.jpg in Resources */,
				49B3317F1BF57E34004E1E04 /* 8.jpg in Resources */,
				49B331731BF57E34004E1E04 /* 4.jpg in Resources */,
				49B331701BF57E34004E1E04 /* 3.jpg in Resources */,
				49B331791BF57E34004E1E04 /* 6.jpg in Resources */,
				49B3316A1BF57E34004E1E04 /* 1.jpg in Resources */,
				49EDE34C1BF4169900C70B57 /* LaunchScreen.storyboard in Resources */,
				49B331761BF57E34004E1E04 /* 5.jpg in Resources */,
				49B3317C1BF57E34004E1E04 /* 7.jpg in Resources */,
				49B3316D1BF57E34004E1E04 /* 2.jpg in Resources */,
				49B331851BF57E34004E1E04 /* 10.jpg in Resources */,
				49EDE3491BF4169900C70B57 /* Assets.xcassets in Resources */,
			);
			runOnlyForDeploymentPostprocessing = 0;
		};
		49EDE3501BF4169900C70B57 /* Resources */ = {
			isa = PBXResourcesBuildPhase;
			buildActionMask = 2147483647;
			files = (
				49B331861BF57E34004E1E04 /* 10.jpg in Resources */,
				49B331831BF57E34004E1E04 /* 9.jpg in Resources */,
				49B3317A1BF57E34004E1E04 /* 6.jpg in Resources */,
				49B331741BF57E34004E1E04 /* 4.jpg in Resources */,
				49B331771BF57E34004E1E04 /* 5.jpg in Resources */,
				49B3317D1BF57E34004E1E04 /* 7.jpg in Resources */,
				49B331801BF57E34004E1E04 /* 8.jpg in Resources */,
				49B331711BF57E34004E1E04 /* 3.jpg in Resources */,
				49B3316E1BF57E34004E1E04 /* 2.jpg in Resources */,
				49B3316B1BF57E34004E1E04 /* 1.jpg in Resources */,
			);
			runOnlyForDeploymentPostprocessing = 0;
		};
		49EDE35B1BF4169900C70B57 /* Resources */ = {
			isa = PBXResourcesBuildPhase;
			buildActionMask = 2147483647;
			files = (
				49B331871BF57E34004E1E04 /* 10.jpg in Resources */,
				49B331841BF57E34004E1E04 /* 9.jpg in Resources */,
				49B3317B1BF57E34004E1E04 /* 6.jpg in Resources */,
				49B331751BF57E34004E1E04 /* 4.jpg in Resources */,
				49B331781BF57E34004E1E04 /* 5.jpg in Resources */,
				49B3317E1BF57E34004E1E04 /* 7.jpg in Resources */,
				49B331811BF57E34004E1E04 /* 8.jpg in Resources */,
				49B331721BF57E34004E1E04 /* 3.jpg in Resources */,
				49B3316F1BF57E34004E1E04 /* 2.jpg in Resources */,
				49B3316C1BF57E34004E1E04 /* 1.jpg in Resources */,
			);
			runOnlyForDeploymentPostprocessing = 0;
		};
/* End PBXResourcesBuildPhase section */

/* Begin PBXShellScriptBuildPhase section */
		5ADE88AFF77D75EFBEFE0BE2 /* Embed Pods Frameworks */ = {
			isa = PBXShellScriptBuildPhase;
			buildActionMask = 2147483647;
			files = (
			);
			inputPaths = (
			);
			name = "Embed Pods Frameworks";
			outputPaths = (
			);
			runOnlyForDeploymentPostprocessing = 0;
			shellPath = /bin/sh;
			shellScript = "\"${SRCROOT}/Pods/Target Support Files/Pods/Pods-frameworks.sh\"\n";
			showEnvVarsInLog = 0;
		};
		929308246AE432E2560881FA /* Copy Pods Resources */ = {
			isa = PBXShellScriptBuildPhase;
			buildActionMask = 2147483647;
			files = (
			);
			inputPaths = (
			);
			name = "Copy Pods Resources";
			outputPaths = (
			);
			runOnlyForDeploymentPostprocessing = 0;
			shellPath = /bin/sh;
			shellScript = "\"${SRCROOT}/Pods/Target Support Files/Pods/Pods-resources.sh\"\n";
			showEnvVarsInLog = 0;
		};
		EF4F240FFADFA65C5E23E9FF /* Check Pods Manifest.lock */ = {
			isa = PBXShellScriptBuildPhase;
			buildActionMask = 2147483647;
			files = (
			);
			inputPaths = (
			);
			name = "Check Pods Manifest.lock";
			outputPaths = (
			);
			runOnlyForDeploymentPostprocessing = 0;
			shellPath = /bin/sh;
			shellScript = "diff \"${PODS_ROOT}/../Podfile.lock\" \"${PODS_ROOT}/Manifest.lock\" > /dev/null\nif [[ $? != 0 ]] ; then\n    cat << EOM\nerror: The sandbox is not in sync with the Podfile.lock. Run 'pod install' or update your CocoaPods installation.\nEOM\n    exit 1\nfi\n";
			showEnvVarsInLog = 0;
		};
/* End PBXShellScriptBuildPhase section */

/* Begin PBXSourcesBuildPhase section */
		49EDE3351BF4169900C70B57 /* Sources */ = {
			isa = PBXSourcesBuildPhase;
			buildActionMask = 2147483647;
			files = (
				498950CE1C2C807D00E7B165 /* MediaFullScreenViewController.m in Sources */,
				494DE25D1C0FBD1100E4C027 /* User.m in Sources */,
				494DE2631C0FBEFE00E4C027 /* Comment.m in Sources */,
				49DAC4351C14B8480059D2E6 /* MediaTableViewCell.m in Sources */,
				498950D11C2C88EC00E7B165 /* MediaFullScreenAnimator.m in Sources */,
				494DE2601C0FBE5500E4C027 /* Media.m in Sources */,
				49EDE3411BF4169900C70B57 /* AppDelegate.m in Sources */,
				498BBB8C1C1FA19A00065185 /* LoginViewController.m in Sources */,
				494DE2661C0FBF9400E4C027 /* DataSource.m in Sources */,
				49EDE33E1BF4169900C70B57 /* main.m in Sources */,
				49B3315D1BF571EA004E1E04 /* ImagesTableViewController.m in Sources */,
			);
			runOnlyForDeploymentPostprocessing = 0;
		};
		49EDE34E1BF4169900C70B57 /* Sources */ = {
			isa = PBXSourcesBuildPhase;
			buildActionMask = 2147483647;
			files = (
				49EDE3571BF4169900C70B57 /* BlocstagramTests.m in Sources */,
				49B3315E1BF571EA004E1E04 /* ImagesTableViewController.m in Sources */,
			);
			runOnlyForDeploymentPostprocessing = 0;
		};
		49EDE3591BF4169900C70B57 /* Sources */ = {
			isa = PBXSourcesBuildPhase;
			buildActionMask = 2147483647;
			files = (
				49EDE3621BF4169900C70B57 /* BlocstagramUITests.m in Sources */,
				49B3315F1BF571EA004E1E04 /* ImagesTableViewController.m in Sources */,
			);
			runOnlyForDeploymentPostprocessing = 0;
		};
/* End PBXSourcesBuildPhase section */

/* Begin PBXTargetDependency section */
		49EDE3541BF4169900C70B57 /* PBXTargetDependency */ = {
			isa = PBXTargetDependency;
			target = 49EDE3381BF4169900C70B57 /* Blocstagram */;
			targetProxy = 49EDE3531BF4169900C70B57 /* PBXContainerItemProxy */;
		};
		49EDE35F1BF4169900C70B57 /* PBXTargetDependency */ = {
			isa = PBXTargetDependency;
			target = 49EDE3381BF4169900C70B57 /* Blocstagram */;
			targetProxy = 49EDE35E1BF4169900C70B57 /* PBXContainerItemProxy */;
		};
/* End PBXTargetDependency section */

/* Begin PBXVariantGroup section */
		49EDE34A1BF4169900C70B57 /* LaunchScreen.storyboard */ = {
			isa = PBXVariantGroup;
			children = (
				49EDE34B1BF4169900C70B57 /* Base */,
			);
			name = LaunchScreen.storyboard;
			sourceTree = "<group>";
		};
/* End PBXVariantGroup section */

/* Begin XCBuildConfiguration section */
		49EDE3641BF4169900C70B57 /* Debug */ = {
			isa = XCBuildConfiguration;
			buildSettings = {
				ALWAYS_SEARCH_USER_PATHS = NO;
				CLANG_CXX_LANGUAGE_STANDARD = "gnu++0x";
				CLANG_CXX_LIBRARY = "libc++";
				CLANG_ENABLE_MODULES = YES;
				CLANG_ENABLE_OBJC_ARC = YES;
				CLANG_WARN_BOOL_CONVERSION = YES;
				CLANG_WARN_CONSTANT_CONVERSION = YES;
				CLANG_WARN_DIRECT_OBJC_ISA_USAGE = YES_ERROR;
				CLANG_WARN_EMPTY_BODY = YES;
				CLANG_WARN_ENUM_CONVERSION = YES;
				CLANG_WARN_INT_CONVERSION = YES;
				CLANG_WARN_OBJC_ROOT_CLASS = YES_ERROR;
				CLANG_WARN_UNREACHABLE_CODE = YES;
				CLANG_WARN__DUPLICATE_METHOD_MATCH = YES;
				"CODE_SIGN_IDENTITY[sdk=iphoneos*]" = "iPhone Developer";
				COPY_PHASE_STRIP = NO;
				DEBUG_INFORMATION_FORMAT = dwarf;
				ENABLE_STRICT_OBJC_MSGSEND = YES;
				ENABLE_TESTABILITY = YES;
				GCC_C_LANGUAGE_STANDARD = gnu99;
				GCC_DYNAMIC_NO_PIC = NO;
				GCC_NO_COMMON_BLOCKS = YES;
				GCC_OPTIMIZATION_LEVEL = 0;
				GCC_PREPROCESSOR_DEFINITIONS = (
					"DEBUG=1",
					"$(inherited)",
				);
				GCC_WARN_64_TO_32_BIT_CONVERSION = YES;
				GCC_WARN_ABOUT_RETURN_TYPE = YES_ERROR;
				GCC_WARN_UNDECLARED_SELECTOR = YES;
				GCC_WARN_UNINITIALIZED_AUTOS = YES_AGGRESSIVE;
				GCC_WARN_UNUSED_FUNCTION = YES;
				GCC_WARN_UNUSED_VARIABLE = YES;
				IPHONEOS_DEPLOYMENT_TARGET = 9.1;
				MTL_ENABLE_DEBUG_INFO = YES;
				ONLY_ACTIVE_ARCH = YES;
				SDKROOT = iphoneos;
				TARGETED_DEVICE_FAMILY = "1,2";
			};
			name = Debug;
		};
		49EDE3651BF4169900C70B57 /* Release */ = {
			isa = XCBuildConfiguration;
			buildSettings = {
				ALWAYS_SEARCH_USER_PATHS = NO;
				CLANG_CXX_LANGUAGE_STANDARD = "gnu++0x";
				CLANG_CXX_LIBRARY = "libc++";
				CLANG_ENABLE_MODULES = YES;
				CLANG_ENABLE_OBJC_ARC = YES;
				CLANG_WARN_BOOL_CONVERSION = YES;
				CLANG_WARN_CONSTANT_CONVERSION = YES;
				CLANG_WARN_DIRECT_OBJC_ISA_USAGE = YES_ERROR;
				CLANG_WARN_EMPTY_BODY = YES;
				CLANG_WARN_ENUM_CONVERSION = YES;
				CLANG_WARN_INT_CONVERSION = YES;
				CLANG_WARN_OBJC_ROOT_CLASS = YES_ERROR;
				CLANG_WARN_UNREACHABLE_CODE = YES;
				CLANG_WARN__DUPLICATE_METHOD_MATCH = YES;
				"CODE_SIGN_IDENTITY[sdk=iphoneos*]" = "iPhone Developer";
				COPY_PHASE_STRIP = NO;
				DEBUG_INFORMATION_FORMAT = "dwarf-with-dsym";
				ENABLE_NS_ASSERTIONS = NO;
				ENABLE_STRICT_OBJC_MSGSEND = YES;
				GCC_C_LANGUAGE_STANDARD = gnu99;
				GCC_NO_COMMON_BLOCKS = YES;
				GCC_WARN_64_TO_32_BIT_CONVERSION = YES;
				GCC_WARN_ABOUT_RETURN_TYPE = YES_ERROR;
				GCC_WARN_UNDECLARED_SELECTOR = YES;
				GCC_WARN_UNINITIALIZED_AUTOS = YES_AGGRESSIVE;
				GCC_WARN_UNUSED_FUNCTION = YES;
				GCC_WARN_UNUSED_VARIABLE = YES;
				IPHONEOS_DEPLOYMENT_TARGET = 9.1;
				MTL_ENABLE_DEBUG_INFO = NO;
				SDKROOT = iphoneos;
				TARGETED_DEVICE_FAMILY = "1,2";
				VALIDATE_PRODUCT = YES;
			};
			name = Release;
		};
		49EDE3671BF4169900C70B57 /* Debug */ = {
			isa = XCBuildConfiguration;
			baseConfigurationReference = 3BFF7D143967DC1DFB040F80 /* Pods.debug.xcconfig */;
			buildSettings = {
				ASSETCATALOG_COMPILER_APPICON_NAME = AppIcon;
				INFOPLIST_FILE = Blocstagram/Info.plist;
				LD_RUNPATH_SEARCH_PATHS = "$(inherited) @executable_path/Frameworks";
				PRODUCT_BUNDLE_IDENTIFIER = com.sturdynut.Blocstagram;
				PRODUCT_NAME = "$(TARGET_NAME)";
			};
			name = Debug;
		};
		49EDE3681BF4169900C70B57 /* Release */ = {
			isa = XCBuildConfiguration;
			baseConfigurationReference = 383531CC76EA3BFA32F1E17D /* Pods.release.xcconfig */;
			buildSettings = {
				ASSETCATALOG_COMPILER_APPICON_NAME = AppIcon;
				INFOPLIST_FILE = Blocstagram/Info.plist;
				LD_RUNPATH_SEARCH_PATHS = "$(inherited) @executable_path/Frameworks";
				PRODUCT_BUNDLE_IDENTIFIER = com.sturdynut.Blocstagram;
				PRODUCT_NAME = "$(TARGET_NAME)";
			};
			name = Release;
		};
		49EDE36A1BF4169900C70B57 /* Debug */ = {
			isa = XCBuildConfiguration;
			buildSettings = {
				BUNDLE_LOADER = "$(TEST_HOST)";
				INFOPLIST_FILE = BlocstagramTests/Info.plist;
				LD_RUNPATH_SEARCH_PATHS = "$(inherited) @executable_path/Frameworks @loader_path/Frameworks";
				PRODUCT_BUNDLE_IDENTIFIER = com.sturdynut.BlocstagramTests;
				PRODUCT_NAME = "$(TARGET_NAME)";
				TEST_HOST = "$(BUILT_PRODUCTS_DIR)/Blocstagram.app/Blocstagram";
			};
			name = Debug;
		};
		49EDE36B1BF4169900C70B57 /* Release */ = {
			isa = XCBuildConfiguration;
			buildSettings = {
				BUNDLE_LOADER = "$(TEST_HOST)";
				INFOPLIST_FILE = BlocstagramTests/Info.plist;
				LD_RUNPATH_SEARCH_PATHS = "$(inherited) @executable_path/Frameworks @loader_path/Frameworks";
				PRODUCT_BUNDLE_IDENTIFIER = com.sturdynut.BlocstagramTests;
				PRODUCT_NAME = "$(TARGET_NAME)";
				TEST_HOST = "$(BUILT_PRODUCTS_DIR)/Blocstagram.app/Blocstagram";
			};
			name = Release;
		};
		49EDE36D1BF4169900C70B57 /* Debug */ = {
			isa = XCBuildConfiguration;
			buildSettings = {
				INFOPLIST_FILE = BlocstagramUITests/Info.plist;
				LD_RUNPATH_SEARCH_PATHS = "$(inherited) @executable_path/Frameworks @loader_path/Frameworks";
				PRODUCT_BUNDLE_IDENTIFIER = com.sturdynut.BlocstagramUITests;
				PRODUCT_NAME = "$(TARGET_NAME)";
				TEST_TARGET_NAME = Blocstagram;
				USES_XCTRUNNER = YES;
			};
			name = Debug;
		};
		49EDE36E1BF4169900C70B57 /* Release */ = {
			isa = XCBuildConfiguration;
			buildSettings = {
				INFOPLIST_FILE = BlocstagramUITests/Info.plist;
				LD_RUNPATH_SEARCH_PATHS = "$(inherited) @executable_path/Frameworks @loader_path/Frameworks";
				PRODUCT_BUNDLE_IDENTIFIER = com.sturdynut.BlocstagramUITests;
				PRODUCT_NAME = "$(TARGET_NAME)";
				TEST_TARGET_NAME = Blocstagram;
				USES_XCTRUNNER = YES;
			};
			name = Release;
		};
/* End XCBuildConfiguration section */

/* Begin XCConfigurationList section */
		49EDE3341BF4169900C70B57 /* Build configuration list for PBXProject "Blocstagram" */ = {
			isa = XCConfigurationList;
			buildConfigurations = (
				49EDE3641BF4169900C70B57 /* Debug */,
				49EDE3651BF4169900C70B57 /* Release */,
			);
			defaultConfigurationIsVisible = 0;
			defaultConfigurationName = Release;
		};
		49EDE3661BF4169900C70B57 /* Build configuration list for PBXNativeTarget "Blocstagram" */ = {
			isa = XCConfigurationList;
			buildConfigurations = (
				49EDE3671BF4169900C70B57 /* Debug */,
				49EDE3681BF4169900C70B57 /* Release */,
			);
			defaultConfigurationIsVisible = 0;
			defaultConfigurationName = Release;
		};
		49EDE3691BF4169900C70B57 /* Build configuration list for PBXNativeTarget "BlocstagramTests" */ = {
			isa = XCConfigurationList;
			buildConfigurations = (
				49EDE36A1BF4169900C70B57 /* Debug */,
				49EDE36B1BF4169900C70B57 /* Release */,
			);
			defaultConfigurationIsVisible = 0;
			defaultConfigurationName = Release;
		};
		49EDE36C1BF4169900C70B57 /* Build configuration list for PBXNativeTarget "BlocstagramUITests" */ = {
			isa = XCConfigurationList;
			buildConfigurations = (
				49EDE36D1BF4169900C70B57 /* Debug */,
				49EDE36E1BF4169900C70B57 /* Release */,
			);
			defaultConfigurationIsVisible = 0;
			defaultConfigurationName = Release;
		};
/* End XCConfigurationList section */
	};
	rootObject = 49EDE3311BF4169900C70B57 /* Project object */;
}
